
Microsoft Visual Studio Solution File, Format Version 12.00
# Visual Studio Version 16
VisualStudioVersion = 16.0.31313.79
MinimumVisualStudioVersion = 10.0.40219.1
Project("{FAE04EC0-301F-11D3-BF4B-00C04F79EFBC}") = "MedicalClinic.WebApi", "MedicalClinic.WebApi\MedicalClinic.WebApi.csproj", "{247ACF89-C81C-41A1-819F-3AEA44EAAFAA}"
EndProject
Project("{FAE04EC0-301F-11D3-BF4B-00C04F79EFBC}") = "MedicalClinic.Infrastructure", "MedicalClinic.Infrastructure\MedicalClinic.Infrastructure.csproj", "{002B0C1B-0568-4221-AD42-9E8BEA2C0BF1}"
EndProject
Project("{FAE04EC0-301F-11D3-BF4B-00C04F79EFBC}") = "MedicalClinic.Domain", "MedicalClinic.Domain\MedicalClinic.Domain.csproj", "{4503739B-7DE7-4229-9A91-09011D3E60B3}"
EndProject
Project("{FAE04EC0-301F-11D3-BF4B-00C04F79EFBC}") = "MedicalClinic.Application", "MedicalClinic.Application\MedicalClinic.Application.csproj", "{D88EBEB0-4089-47C3-83CD-64F69A1B24D1}"
EndProject
Global
	GlobalSection(SolutionConfigurationPlatforms) = preSolution
		Debug|Any CPU = Debug|Any CPU
		Release|Any CPU = Release|Any CPU
	EndGlobalSection
	GlobalSection(ProjectConfigurationPlatforms) = postSolution
		{247ACF89-C81C-41A1-819F-3AEA44EAAFAA}.Debug|Any CPU.ActiveCfg = Debug|Any CPU
		{247ACF89-C81C-41A1-819F-3AEA44EAAFAA}.Debug|Any CPU.Build.0 = Debug|Any CPU
		{247ACF89-C81C-41A1-819F-3AEA44EAAFAA}.Release|Any CPU.ActiveCfg = Release|Any CPU
		{247ACF89-C81C-41A1-819F-3AEA44EAAFAA}.Release|Any CPU.Build.0 = Release|Any CPU
		{002B0C1B-0568-4221-AD42-9E8BEA2C0BF1}.Debug|Any CPU.ActiveCfg = Debug|Any CPU
		{002B0C1B-0568-4221-AD42-9E8BEA2C0BF1}.Debug|Any CPU.Build.0 = Debug|Any CPU
		{002B0C1B-0568-4221-AD42-9E8BEA2C0BF1}.Release|Any CPU.ActiveCfg = Release|Any CPU
		{002B0C1B-0568-4221-AD42-9E8BEA2C0BF1}.Release|Any CPU.Build.0 = Release|Any CPU
		{4503739B-7DE7-4229-9A91-09011D3E60B3}.Debug|Any CPU.ActiveCfg = Debug|Any CPU
		{4503739B-7DE7-4229-9A91-09011D3E60B3}.Debug|Any CPU.Build.0 = Debug|Any CPU
		{4503739B-7DE7-4229-9A91-09011D3E60B3}.Release|Any CPU.ActiveCfg = Release|Any CPU
		{4503739B-7DE7-4229-9A91-09011D3E60B3}.Release|Any CPU.Build.0 = Release|Any CPU
		{D88EBEB0-4089-47C3-83CD-64F69A1B24D1}.Debug|Any CPU.ActiveCfg = Debug|Any CPU
		{D88EBEB0-4089-47C3-83CD-64F69A1B24D1}.Debug|Any CPU.Build.0 = Debug|Any CPU
		{D88EBEB0-4089-47C3-83CD-64F69A1B24D1}.Release|Any CPU.ActiveCfg = Release|Any CPU
		{D88EBEB0-4089-47C3-83CD-64F69A1B24D1}.Release|Any CPU.Build.0 = Release|Any CPU
	EndGlobalSection
	GlobalSection(SolutionProperties) = preSolution
		HideSolutionNode = FALSE
	EndGlobalSection
	GlobalSection(ExtensibilityGlobals) = postSolution
		SolutionGuid = {C4424454-71A3-4E21-A1C9-DE523E913851}
	EndGlobalSection
EndGlobal
